
Microsoft Visual Studio Solution File, Format Version 12.00
# Visual Studio Version 16
VisualStudioVersion = 16.0.29613.14
MinimumVisualStudioVersion = 10.0.40219.1
Project("{FAE04EC0-301F-11D3-BF4B-00C04F79EFBC}") = "SharpMicrowaveSensorDemo", "SharpMicrowaveSensorDemo.csproj", "{EEA2BEC0-A30F-4C1A-9A21-041EC9B3B6A2}"
EndProject
Global
	GlobalSection(SolutionConfigurationPlatforms) = preSolution
		Debug|Any CPU = Debug|Any CPU
		Release|Any CPU = Release|Any CPU
	EndGlobalSection
	GlobalSection(ProjectConfigurationPlatforms) = postSolution
		{EEA2BEC0-A30F-4C1A-9A21-041EC9B3B6A2}.Debug|Any CPU.ActiveCfg = Debug|Any CPU
		{EEA2BEC0-A30F-4C1A-9A21-041EC9B3B6A2}.Debug|Any CPU.Build.0 = Debug|Any CPU
		{EEA2BEC0-A30F-4C1A-9A21-041EC9B3B6A2}.Release|Any CPU.ActiveCfg = Release|Any CPU
		{EEA2BEC0-A30F-4C1A-9A21-041EC9B3B6A2}.Release|Any CPU.Build.0 = Release|Any CPU
	EndGlobalSection
	GlobalSection(SolutionProperties) = preSolution
		HideSolutionNode = FALSE
	EndGlobalSection
	GlobalSection(ExtensibilityGlobals) = postSolution
		SolutionGuid = {C897BE2D-C7CA-4227-A30A-6D68EF41970F}
	EndGlobalSection
EndGlobal
