
Microsoft Visual Studio Solution File, Format Version 12.00
# Visual Studio Version 16
VisualStudioVersion = 16.0.30611.23
MinimumVisualStudioVersion = 10.0.40219.1
Project("{FAE04EC0-301F-11D3-BF4B-00C04F79EFBC}") = "FoxconnTofModuleDemo", "FoxconnTofModuleDemo.csproj", "{46A34298-F9F3-4426-9F20-2CB36BB5C35F}"
EndProject
Global
	GlobalSection(SolutionConfigurationPlatforms) = preSolution
		Debug|Any CPU = Debug|Any CPU
		Release|Any CPU = Release|Any CPU
	EndGlobalSection
	GlobalSection(ProjectConfigurationPlatforms) = postSolution
		{46A34298-F9F3-4426-9F20-2CB36BB5C35F}.Debug|Any CPU.ActiveCfg = Debug|Any CPU
		{46A34298-F9F3-4426-9F20-2CB36BB5C35F}.Debug|Any CPU.Build.0 = Debug|Any CPU
		{46A34298-F9F3-4426-9F20-2CB36BB5C35F}.Release|Any CPU.ActiveCfg = Release|Any CPU
		{46A34298-F9F3-4426-9F20-2CB36BB5C35F}.Release|Any CPU.Build.0 = Release|Any CPU
	EndGlobalSection
	GlobalSection(SolutionProperties) = preSolution
		HideSolutionNode = FALSE
	EndGlobalSection
	GlobalSection(ExtensibilityGlobals) = postSolution
		SolutionGuid = {0B55C08C-0138-4C1C-9AB6-DB94FC7779AF}
	EndGlobalSection
EndGlobal
